// !$*UTF8*$!
{
	archiveVersion = 1;
	classes = {
	};
	objectVersion = 55;
	objects = {

/* Begin PBXBuildFile section */
		D009ECEEB3C8617F59C58731 /* Pods_TransportMap.framework in Frameworks */ = {isa = PBXBuildFile; fileRef = 5F6E1C64014D1B2353D43606 /* Pods_TransportMap.framework */; };
		FC38D37827CA815100B10A9B /* AppDelegate.swift in Sources */ = {isa = PBXBuildFile; fileRef = FC38D37727CA815100B10A9B /* AppDelegate.swift */; };
		FC38D37A27CA815100B10A9B /* SceneDelegate.swift in Sources */ = {isa = PBXBuildFile; fileRef = FC38D37927CA815100B10A9B /* SceneDelegate.swift */; };
		FC38D37C27CA815100B10A9B /* MapViewController.swift in Sources */ = {isa = PBXBuildFile; fileRef = FC38D37B27CA815100B10A9B /* MapViewController.swift */; };
		FC38D37F27CA815100B10A9B /* Main.storyboard in Resources */ = {isa = PBXBuildFile; fileRef = FC38D37D27CA815100B10A9B /* Main.storyboard */; };
		FC38D38127CA815200B10A9B /* Assets.xcassets in Resources */ = {isa = PBXBuildFile; fileRef = FC38D38027CA815200B10A9B /* Assets.xcassets */; };
		FC38D38427CA815200B10A9B /* LaunchScreen.storyboard in Resources */ = {isa = PBXBuildFile; fileRef = FC38D38227CA815200B10A9B /* LaunchScreen.storyboard */; };
		FC38D39227CA83AB00B10A9B /* StationsListViewController.swift in Sources */ = {isa = PBXBuildFile; fileRef = FC38D39127CA83AB00B10A9B /* StationsListViewController.swift */; };
		FC38D39527CA862100B10A9B /* NetworkManager.swift in Sources */ = {isa = PBXBuildFile; fileRef = FC38D39427CA862100B10A9B /* NetworkManager.swift */; };
		FC38D39727CA885100B10A9B /* Stations.swift in Sources */ = {isa = PBXBuildFile; fileRef = FC38D39627CA885100B10A9B /* Stations.swift */; };
		FC38D39927CB7AAF00B10A9B /* StationsListViewModel.swift in Sources */ = {isa = PBXBuildFile; fileRef = FC38D39827CB7AAF00B10A9B /* StationsListViewModel.swift */; };
		FC38D39C27CB7B8B00B10A9B /* StationsListViewModelProtocol.swift in Sources */ = {isa = PBXBuildFile; fileRef = FC38D39B27CB7B8B00B10A9B /* StationsListViewModelProtocol.swift */; };
		FC38D39E27CBB87B00B10A9B /* StationViewCell.swift in Sources */ = {isa = PBXBuildFile; fileRef = FC38D39D27CBB87B00B10A9B /* StationViewCell.swift */; };
		FC38D3A027CBB97900B10A9B /* StationViewCellViewModel.swift in Sources */ = {isa = PBXBuildFile; fileRef = FC38D39F27CBB97900B10A9B /* StationViewCellViewModel.swift */; };
		FC38D3A227CBB9AF00B10A9B /* StationViewCellViewModelProtocol.swift in Sources */ = {isa = PBXBuildFile; fileRef = FC38D3A127CBB9AF00B10A9B /* StationViewCellViewModelProtocol.swift */; };
		FC5E936127CC1215000C2633 /* MapViewModel.swift in Sources */ = {isa = PBXBuildFile; fileRef = FC5E936027CC1215000C2633 /* MapViewModel.swift */; };
		FC5E936327CC1231000C2633 /* MapViewModelProtocol.swift in Sources */ = {isa = PBXBuildFile; fileRef = FC5E936227CC1231000C2633 /* MapViewModelProtocol.swift */; };
		FC5E936727CC2E69000C2633 /* BottomSheetViewController.swift in Sources */ = {isa = PBXBuildFile; fileRef = FC5E936627CC2E69000C2633 /* BottomSheetViewController.swift */; };
/* End PBXBuildFile section */

/* Begin PBXFileReference section */
		5F6E1C64014D1B2353D43606 /* Pods_TransportMap.framework */ = {isa = PBXFileReference; explicitFileType = wrapper.framework; includeInIndex = 0; path = Pods_TransportMap.framework; sourceTree = BUILT_PRODUCTS_DIR; };
		ADD9BD91B7A22E63F3309645 /* Pods-TransportMap.release.xcconfig */ = {isa = PBXFileReference; includeInIndex = 1; lastKnownFileType = text.xcconfig; name = "Pods-TransportMap.release.xcconfig"; path = "Target Support Files/Pods-TransportMap/Pods-TransportMap.release.xcconfig"; sourceTree = "<group>"; };
		F9EB34A9EBC90C5858B7E924 /* Pods-TransportMap.debug.xcconfig */ = {isa = PBXFileReference; includeInIndex = 1; lastKnownFileType = text.xcconfig; name = "Pods-TransportMap.debug.xcconfig"; path = "Target Support Files/Pods-TransportMap/Pods-TransportMap.debug.xcconfig"; sourceTree = "<group>"; };
		FC38D37427CA815100B10A9B /* TransportMap.app */ = {isa = PBXFileReference; explicitFileType = wrapper.application; includeInIndex = 0; path = TransportMap.app; sourceTree = BUILT_PRODUCTS_DIR; };
		FC38D37727CA815100B10A9B /* AppDelegate.swift */ = {isa = PBXFileReference; lastKnownFileType = sourcecode.swift; path = AppDelegate.swift; sourceTree = "<group>"; };
		FC38D37927CA815100B10A9B /* SceneDelegate.swift */ = {isa = PBXFileReference; lastKnownFileType = sourcecode.swift; path = SceneDelegate.swift; sourceTree = "<group>"; };
		FC38D37B27CA815100B10A9B /* MapViewController.swift */ = {isa = PBXFileReference; lastKnownFileType = sourcecode.swift; path = MapViewController.swift; sourceTree = "<group>"; };
		FC38D37E27CA815100B10A9B /* Base */ = {isa = PBXFileReference; lastKnownFileType = file.storyboard; name = Base; path = Base.lproj/Main.storyboard; sourceTree = "<group>"; };
		FC38D38027CA815200B10A9B /* Assets.xcassets */ = {isa = PBXFileReference; lastKnownFileType = folder.assetcatalog; path = Assets.xcassets; sourceTree = "<group>"; };
		FC38D38327CA815200B10A9B /* Base */ = {isa = PBXFileReference; lastKnownFileType = file.storyboard; name = Base; path = Base.lproj/LaunchScreen.storyboard; sourceTree = "<group>"; };
		FC38D38527CA815200B10A9B /* Info.plist */ = {isa = PBXFileReference; lastKnownFileType = text.plist.xml; path = Info.plist; sourceTree = "<group>"; };
		FC38D39127CA83AB00B10A9B /* StationsListViewController.swift */ = {isa = PBXFileReference; lastKnownFileType = sourcecode.swift; path = StationsListViewController.swift; sourceTree = "<group>"; };
		FC38D39427CA862100B10A9B /* NetworkManager.swift */ = {isa = PBXFileReference; lastKnownFileType = sourcecode.swift; path = NetworkManager.swift; sourceTree = "<group>"; };
		FC38D39627CA885100B10A9B /* Stations.swift */ = {isa = PBXFileReference; lastKnownFileType = sourcecode.swift; path = Stations.swift; sourceTree = "<group>"; };
		FC38D39827CB7AAF00B10A9B /* StationsListViewModel.swift */ = {isa = PBXFileReference; lastKnownFileType = sourcecode.swift; path = StationsListViewModel.swift; sourceTree = "<group>"; };
		FC38D39B27CB7B8B00B10A9B /* StationsListViewModelProtocol.swift */ = {isa = PBXFileReference; lastKnownFileType = sourcecode.swift; path = StationsListViewModelProtocol.swift; sourceTree = "<group>"; };
		FC38D39D27CBB87B00B10A9B /* StationViewCell.swift */ = {isa = PBXFileReference; lastKnownFileType = sourcecode.swift; path = StationViewCell.swift; sourceTree = "<group>"; };
		FC38D39F27CBB97900B10A9B /* StationViewCellViewModel.swift */ = {isa = PBXFileReference; lastKnownFileType = sourcecode.swift; path = StationViewCellViewModel.swift; sourceTree = "<group>"; };
		FC38D3A127CBB9AF00B10A9B /* StationViewCellViewModelProtocol.swift */ = {isa = PBXFileReference; lastKnownFileType = sourcecode.swift; path = StationViewCellViewModelProtocol.swift; sourceTree = "<group>"; };
		FC5E936027CC1215000C2633 /* MapViewModel.swift */ = {isa = PBXFileReference; lastKnownFileType = sourcecode.swift; path = MapViewModel.swift; sourceTree = "<group>"; };
		FC5E936227CC1231000C2633 /* MapViewModelProtocol.swift */ = {isa = PBXFileReference; lastKnownFileType = sourcecode.swift; path = MapViewModelProtocol.swift; sourceTree = "<group>"; };
		FC5E936627CC2E69000C2633 /* BottomSheetViewController.swift */ = {isa = PBXFileReference; lastKnownFileType = sourcecode.swift; path = BottomSheetViewController.swift; sourceTree = "<group>"; };
/* End PBXFileReference section */

/* Begin PBXFrameworksBuildPhase section */
		FC38D37127CA815100B10A9B /* Frameworks */ = {
			isa = PBXFrameworksBuildPhase;
			buildActionMask = 2147483647;
			files = (
				D009ECEEB3C8617F59C58731 /* Pods_TransportMap.framework in Frameworks */,
			);
			runOnlyForDeploymentPostprocessing = 0;
		};
/* End PBXFrameworksBuildPhase section */

/* Begin PBXGroup section */
		3683C6ACFA50F014218EB522 /* Pods */ = {
			isa = PBXGroup;
			children = (
				F9EB34A9EBC90C5858B7E924 /* Pods-TransportMap.debug.xcconfig */,
				ADD9BD91B7A22E63F3309645 /* Pods-TransportMap.release.xcconfig */,
			);
			name = Pods;
			path = Pods;
			sourceTree = "<group>";
		};
		C70B266AB9E7A9FA2ABAC78B /* Frameworks */ = {
			isa = PBXGroup;
			children = (
				5F6E1C64014D1B2353D43606 /* Pods_TransportMap.framework */,
			);
			name = Frameworks;
			sourceTree = "<group>";
		};
		FC38D36B27CA815100B10A9B = {
			isa = PBXGroup;
			children = (
				FC38D37627CA815100B10A9B /* TransportMap */,
				FC38D37527CA815100B10A9B /* Products */,
				3683C6ACFA50F014218EB522 /* Pods */,
				C70B266AB9E7A9FA2ABAC78B /* Frameworks */,
			);
			sourceTree = "<group>";
		};
		FC38D37527CA815100B10A9B /* Products */ = {
			isa = PBXGroup;
			children = (
				FC38D37427CA815100B10A9B /* TransportMap.app */,
			);
			name = Products;
			sourceTree = "<group>";
		};
		FC38D37627CA815100B10A9B /* TransportMap */ = {
			isa = PBXGroup;
			children = (
				FC38D38B27CA81AE00B10A9B /* SupportingFiles */,
				FC38D38C27CA81CF00B10A9B /* Storyboards */,
				FC38D39327CA85FE00B10A9B /* Services */,
				FC38D39A27CB7B5400B10A9B /* Protocols */,
				FC38D38F27CA821900B10A9B /* Models */,
				FC38D38E27CA81FC00B10A9B /* Views */,
				FC38D39027CA824100B10A9B /* ViewModels */,
				FC38D38D27CA81EE00B10A9B /* Resources */,
			);
			path = TransportMap;
			sourceTree = "<group>";
		};
		FC38D38B27CA81AE00B10A9B /* SupportingFiles */ = {
			isa = PBXGroup;
			children = (
				FC38D37727CA815100B10A9B /* AppDelegate.swift */,
				FC38D37927CA815100B10A9B /* SceneDelegate.swift */,
				FC38D38527CA815200B10A9B /* Info.plist */,
			);
			path = SupportingFiles;
			sourceTree = "<group>";
		};
		FC38D38C27CA81CF00B10A9B /* Storyboards */ = {
			isa = PBXGroup;
			children = (
				FC38D37D27CA815100B10A9B /* Main.storyboard */,
				FC38D38227CA815200B10A9B /* LaunchScreen.storyboard */,
			);
			path = Storyboards;
			sourceTree = "<group>";
		};
		FC38D38D27CA81EE00B10A9B /* Resources */ = {
			isa = PBXGroup;
			children = (
				FC38D38027CA815200B10A9B /* Assets.xcassets */,
			);
			path = Resources;
			sourceTree = "<group>";
		};
		FC38D38E27CA81FC00B10A9B /* Views */ = {
			isa = PBXGroup;
			children = (
				FC38D37B27CA815100B10A9B /* MapViewController.swift */,
				FC5E936627CC2E69000C2633 /* BottomSheetViewController.swift */,
				FC38D39127CA83AB00B10A9B /* StationsListViewController.swift */,
				FC38D39D27CBB87B00B10A9B /* StationViewCell.swift */,
			);
			path = Views;
			sourceTree = "<group>";
		};
		FC38D38F27CA821900B10A9B /* Models */ = {
			isa = PBXGroup;
			children = (
				FC38D39627CA885100B10A9B /* Stations.swift */,
			);
			path = Models;
			sourceTree = "<group>";
		};
		FC38D39027CA824100B10A9B /* ViewModels */ = {
			isa = PBXGroup;
			children = (
				FC38D39827CB7AAF00B10A9B /* StationsListViewModel.swift */,
				FC5E936027CC1215000C2633 /* MapViewModel.swift */,
				FC38D39F27CBB97900B10A9B /* StationViewCellViewModel.swift */,
			);
			path = ViewModels;
			sourceTree = "<group>";
		};
		FC38D39327CA85FE00B10A9B /* Services */ = {
			isa = PBXGroup;
			children = (
				FC38D39427CA862100B10A9B /* NetworkManager.swift */,
			);
			path = Services;
			sourceTree = "<group>";
		};
		FC38D39A27CB7B5400B10A9B /* Protocols */ = {
			isa = PBXGroup;
			children = (
				FC38D39B27CB7B8B00B10A9B /* StationsListViewModelProtocol.swift */,
				FC38D3A127CBB9AF00B10A9B /* StationViewCellViewModelProtocol.swift */,
				FC5E936227CC1231000C2633 /* MapViewModelProtocol.swift */,
			);
			path = Protocols;
			sourceTree = "<group>";
		};
/* End PBXGroup section */

/* Begin PBXNativeTarget section */
		FC38D37327CA815100B10A9B /* TransportMap */ = {
			isa = PBXNativeTarget;
			buildConfigurationList = FC38D38827CA815200B10A9B /* Build configuration list for PBXNativeTarget "TransportMap" */;
			buildPhases = (
				B48F3A6C74C47B330342C8F4 /* [CP] Check Pods Manifest.lock */,
				FC38D37027CA815100B10A9B /* Sources */,
				FC38D37127CA815100B10A9B /* Frameworks */,
				FC38D37227CA815100B10A9B /* Resources */,
				36E7A087D9BA0EAB9DF9A33E /* [CP] Embed Pods Frameworks */,
			);
			buildRules = (
			);
			dependencies = (
			);
			name = TransportMap;
			productName = TransportMap;
			productReference = FC38D37427CA815100B10A9B /* TransportMap.app */;
			productType = "com.apple.product-type.application";
		};
/* End PBXNativeTarget section */

/* Begin PBXProject section */
		FC38D36C27CA815100B10A9B /* Project object */ = {
			isa = PBXProject;
			attributes = {
				BuildIndependentTargetsInParallel = 1;
				LastSwiftUpdateCheck = 1320;
				LastUpgradeCheck = 1320;
				TargetAttributes = {
					FC38D37327CA815100B10A9B = {
						CreatedOnToolsVersion = 13.2.1;
					};
				};
			};
			buildConfigurationList = FC38D36F27CA815100B10A9B /* Build configuration list for PBXProject "TransportMap" */;
			compatibilityVersion = "Xcode 13.0";
			developmentRegion = en;
			hasScannedForEncodings = 0;
			knownRegions = (
				en,
				Base,
			);
			mainGroup = FC38D36B27CA815100B10A9B;
			productRefGroup = FC38D37527CA815100B10A9B /* Products */;
			projectDirPath = "";
			projectRoot = "";
			targets = (
				FC38D37327CA815100B10A9B /* TransportMap */,
			);
		};
/* End PBXProject section */

/* Begin PBXResourcesBuildPhase section */
		FC38D37227CA815100B10A9B /* Resources */ = {
			isa = PBXResourcesBuildPhase;
			buildActionMask = 2147483647;
			files = (
				FC38D38427CA815200B10A9B /* LaunchScreen.storyboard in Resources */,
				FC38D38127CA815200B10A9B /* Assets.xcassets in Resources */,
				FC38D37F27CA815100B10A9B /* Main.storyboard in Resources */,
			);
			runOnlyForDeploymentPostprocessing = 0;
		};
/* End PBXResourcesBuildPhase section */

/* Begin PBXShellScriptBuildPhase section */
		36E7A087D9BA0EAB9DF9A33E /* [CP] Embed Pods Frameworks */ = {
			isa = PBXShellScriptBuildPhase;
			buildActionMask = 2147483647;
			files = (
			);
			inputFileListPaths = (
				"${PODS_ROOT}/Target Support Files/Pods-TransportMap/Pods-TransportMap-frameworks-${CONFIGURATION}-input-files.xcfilelist",
			);
			name = "[CP] Embed Pods Frameworks";
			outputFileListPaths = (
				"${PODS_ROOT}/Target Support Files/Pods-TransportMap/Pods-TransportMap-frameworks-${CONFIGURATION}-output-files.xcfilelist",
			);
			runOnlyForDeploymentPostprocessing = 0;
			shellPath = /bin/sh;
			shellScript = "\"${PODS_ROOT}/Target Support Files/Pods-TransportMap/Pods-TransportMap-frameworks.sh\"\n";
			showEnvVarsInLog = 0;
		};
		B48F3A6C74C47B330342C8F4 /* [CP] Check Pods Manifest.lock */ = {
			isa = PBXShellScriptBuildPhase;
			buildActionMask = 2147483647;
			files = (
			);
			inputFileListPaths = (
			);
			inputPaths = (
				"${PODS_PODFILE_DIR_PATH}/Podfile.lock",
				"${PODS_ROOT}/Manifest.lock",
			);
			name = "[CP] Check Pods Manifest.lock";
			outputFileListPaths = (
			);
			outputPaths = (
				"$(DERIVED_FILE_DIR)/Pods-TransportMap-checkManifestLockResult.txt",
			);
			runOnlyForDeploymentPostprocessing = 0;
			shellPath = /bin/sh;
			shellScript = "diff \"${PODS_PODFILE_DIR_PATH}/Podfile.lock\" \"${PODS_ROOT}/Manifest.lock\" > /dev/null\nif [ $? != 0 ] ; then\n    # print error to STDERR\n    echo \"error: The sandbox is not in sync with the Podfile.lock. Run 'pod install' or update your CocoaPods installation.\" >&2\n    exit 1\nfi\n# This output is used by Xcode 'outputs' to avoid re-running this script phase.\necho \"SUCCESS\" > \"${SCRIPT_OUTPUT_FILE_0}\"\n";
			showEnvVarsInLog = 0;
		};
/* End PBXShellScriptBuildPhase section */

/* Begin PBXSourcesBuildPhase section */
		FC38D37027CA815100B10A9B /* Sources */ = {
			isa = PBXSourcesBuildPhase;
			buildActionMask = 2147483647;
			files = (
				FC38D39927CB7AAF00B10A9B /* StationsListViewModel.swift in Sources */,
				FC38D37C27CA815100B10A9B /* MapViewController.swift in Sources */,
				FC38D37827CA815100B10A9B /* AppDelegate.swift in Sources */,
				FC38D39527CA862100B10A9B /* NetworkManager.swift in Sources */,
				FC38D3A027CBB97900B10A9B /* StationViewCellViewModel.swift in Sources */,
				FC38D3A227CBB9AF00B10A9B /* StationViewCellViewModelProtocol.swift in Sources */,
				FC38D37A27CA815100B10A9B /* SceneDelegate.swift in Sources */,
				FC38D39C27CB7B8B00B10A9B /* StationsListViewModelProtocol.swift in Sources */,
				FC38D39E27CBB87B00B10A9B /* StationViewCell.swift in Sources */,
				FC38D39727CA885100B10A9B /* Stations.swift in Sources */,
				FC5E936327CC1231000C2633 /* MapViewModelProtocol.swift in Sources */,
				FC38D39227CA83AB00B10A9B /* StationsListViewController.swift in Sources */,
				FC5E936727CC2E69000C2633 /* BottomSheetViewController.swift in Sources */,
				FC5E936127CC1215000C2633 /* MapViewModel.swift in Sources */,
			);
			runOnlyForDeploymentPostprocessing = 0;
		};
/* End PBXSourcesBuildPhase section */

/* Begin PBXVariantGroup section */
		FC38D37D27CA815100B10A9B /* Main.storyboard */ = {
			isa = PBXVariantGroup;
			children = (
				FC38D37E27CA815100B10A9B /* Base */,
			);
			name = Main.storyboard;
			sourceTree = "<group>";
		};
		FC38D38227CA815200B10A9B /* LaunchScreen.storyboard */ = {
			isa = PBXVariantGroup;
			children = (
				FC38D38327CA815200B10A9B /* Base */,
			);
			name = LaunchScreen.storyboard;
			sourceTree = "<group>";
		};
/* End PBXVariantGroup section */

/* Begin XCBuildConfiguration section */
		FC38D38627CA815200B10A9B /* Debug */ = {
			isa = XCBuildConfiguration;
			buildSettings = {
				ALWAYS_SEARCH_USER_PATHS = NO;
				CLANG_ANALYZER_NONNULL = YES;
				CLANG_ANALYZER_NUMBER_OBJECT_CONVERSION = YES_AGGRESSIVE;
				CLANG_CXX_LANGUAGE_STANDARD = "gnu++17";
				CLANG_CXX_LIBRARY = "libc++";
				CLANG_ENABLE_MODULES = YES;
				CLANG_ENABLE_OBJC_ARC = YES;
				CLANG_ENABLE_OBJC_WEAK = YES;
				CLANG_WARN_BLOCK_CAPTURE_AUTORELEASING = YES;
				CLANG_WARN_BOOL_CONVERSION = YES;
				CLANG_WARN_COMMA = YES;
				CLANG_WARN_CONSTANT_CONVERSION = YES;
				CLANG_WARN_DEPRECATED_OBJC_IMPLEMENTATIONS = YES;
				CLANG_WARN_DIRECT_OBJC_ISA_USAGE = YES_ERROR;
				CLANG_WARN_DOCUMENTATION_COMMENTS = YES;
				CLANG_WARN_EMPTY_BODY = YES;
				CLANG_WARN_ENUM_CONVERSION = YES;
				CLANG_WARN_INFINITE_RECURSION = YES;
				CLANG_WARN_INT_CONVERSION = YES;
				CLANG_WARN_NON_LITERAL_NULL_CONVERSION = YES;
				CLANG_WARN_OBJC_IMPLICIT_RETAIN_SELF = YES;
				CLANG_WARN_OBJC_LITERAL_CONVERSION = YES;
				CLANG_WARN_OBJC_ROOT_CLASS = YES_ERROR;
				CLANG_WARN_QUOTED_INCLUDE_IN_FRAMEWORK_HEADER = YES;
				CLANG_WARN_RANGE_LOOP_ANALYSIS = YES;
				CLANG_WARN_STRICT_PROTOTYPES = YES;
				CLANG_WARN_SUSPICIOUS_MOVE = YES;
				CLANG_WARN_UNGUARDED_AVAILABILITY = YES_AGGRESSIVE;
				CLANG_WARN_UNREACHABLE_CODE = YES;
				CLANG_WARN__DUPLICATE_METHOD_MATCH = YES;
				COPY_PHASE_STRIP = NO;
				DEBUG_INFORMATION_FORMAT = dwarf;
				ENABLE_STRICT_OBJC_MSGSEND = YES;
				ENABLE_TESTABILITY = YES;
				GCC_C_LANGUAGE_STANDARD = gnu11;
				GCC_DYNAMIC_NO_PIC = NO;
				GCC_NO_COMMON_BLOCKS = YES;
				GCC_OPTIMIZATION_LEVEL = 0;
				GCC_PREPROCESSOR_DEFINITIONS = (
					"DEBUG=1",
					"$(inherited)",
				);
				GCC_WARN_64_TO_32_BIT_CONVERSION = YES;
				GCC_WARN_ABOUT_RETURN_TYPE = YES_ERROR;
				GCC_WARN_UNDECLARED_SELECTOR = YES;
				GCC_WARN_UNINITIALIZED_AUTOS = YES_AGGRESSIVE;
				GCC_WARN_UNUSED_FUNCTION = YES;
				GCC_WARN_UNUSED_VARIABLE = YES;
				IPHONEOS_DEPLOYMENT_TARGET = 15.2;
				MTL_ENABLE_DEBUG_INFO = INCLUDE_SOURCE;
				MTL_FAST_MATH = YES;
				ONLY_ACTIVE_ARCH = YES;
				SDKROOT = iphoneos;
				SWIFT_ACTIVE_COMPILATION_CONDITIONS = DEBUG;
				SWIFT_OPTIMIZATION_LEVEL = "-Onone";
			};
			name = Debug;
		};
		FC38D38727CA815200B10A9B /* Release */ = {
			isa = XCBuildConfiguration;
			buildSettings = {
				ALWAYS_SEARCH_USER_PATHS = NO;
				CLANG_ANALYZER_NONNULL = YES;
				CLANG_ANALYZER_NUMBER_OBJECT_CONVERSION = YES_AGGRESSIVE;
				CLANG_CXX_LANGUAGE_STANDARD = "gnu++17";
				CLANG_CXX_LIBRARY = "libc++";
				CLANG_ENABLE_MODULES = YES;
				CLANG_ENABLE_OBJC_ARC = YES;
				CLANG_ENABLE_OBJC_WEAK = YES;
				CLANG_WARN_BLOCK_CAPTURE_AUTORELEASING = YES;
				CLANG_WARN_BOOL_CONVERSION = YES;
				CLANG_WARN_COMMA = YES;
				CLANG_WARN_CONSTANT_CONVERSION = YES;
				CLANG_WARN_DEPRECATED_OBJC_IMPLEMENTATIONS = YES;
				CLANG_WARN_DIRECT_OBJC_ISA_USAGE = YES_ERROR;
				CLANG_WARN_DOCUMENTATION_COMMENTS = YES;
				CLANG_WARN_EMPTY_BODY = YES;
				CLANG_WARN_ENUM_CONVERSION = YES;
				CLANG_WARN_INFINITE_RECURSION = YES;
				CLANG_WARN_INT_CONVERSION = YES;
				CLANG_WARN_NON_LITERAL_NULL_CONVERSION = YES;
				CLANG_WARN_OBJC_IMPLICIT_RETAIN_SELF = YES;
				CLANG_WARN_OBJC_LITERAL_CONVERSION = YES;
				CLANG_WARN_OBJC_ROOT_CLASS = YES_ERROR;
				CLANG_WARN_QUOTED_INCLUDE_IN_FRAMEWORK_HEADER = YES;
				CLANG_WARN_RANGE_LOOP_ANALYSIS = YES;
				CLANG_WARN_STRICT_PROTOTYPES = YES;
				CLANG_WARN_SUSPICIOUS_MOVE = YES;
				CLANG_WARN_UNGUARDED_AVAILABILITY = YES_AGGRESSIVE;
				CLANG_WARN_UNREACHABLE_CODE = YES;
				CLANG_WARN__DUPLICATE_METHOD_MATCH = YES;
				COPY_PHASE_STRIP = NO;
				DEBUG_INFORMATION_FORMAT = "dwarf-with-dsym";
				ENABLE_NS_ASSERTIONS = NO;
				ENABLE_STRICT_OBJC_MSGSEND = YES;
				GCC_C_LANGUAGE_STANDARD = gnu11;
				GCC_NO_COMMON_BLOCKS = YES;
				GCC_WARN_64_TO_32_BIT_CONVERSION = YES;
				GCC_WARN_ABOUT_RETURN_TYPE = YES_ERROR;
				GCC_WARN_UNDECLARED_SELECTOR = YES;
				GCC_WARN_UNINITIALIZED_AUTOS = YES_AGGRESSIVE;
				GCC_WARN_UNUSED_FUNCTION = YES;
				GCC_WARN_UNUSED_VARIABLE = YES;
				IPHONEOS_DEPLOYMENT_TARGET = 15.2;
				MTL_ENABLE_DEBUG_INFO = NO;
				MTL_FAST_MATH = YES;
				SDKROOT = iphoneos;
				SWIFT_COMPILATION_MODE = wholemodule;
				SWIFT_OPTIMIZATION_LEVEL = "-O";
				VALIDATE_PRODUCT = YES;
			};
			name = Release;
		};
		FC38D38927CA815200B10A9B /* Debug */ = {
			isa = XCBuildConfiguration;
			baseConfigurationReference = F9EB34A9EBC90C5858B7E924 /* Pods-TransportMap.debug.xcconfig */;
			buildSettings = {
				ASSETCATALOG_COMPILER_APPICON_NAME = AppIcon;
				ASSETCATALOG_COMPILER_GLOBAL_ACCENT_COLOR_NAME = AccentColor;
				CODE_SIGN_STYLE = Automatic;
				CURRENT_PROJECT_VERSION = 1;
				DEVELOPMENT_TEAM = 4ARG8W2BQX;
				GENERATE_INFOPLIST_FILE = YES;
				INFOPLIST_FILE = TransportMap/SupportingFiles/Info.plist;
				INFOPLIST_KEY_UIApplicationSupportsIndirectInputEvents = YES;
				INFOPLIST_KEY_UILaunchStoryboardName = LaunchScreen;
				INFOPLIST_KEY_UIMainStoryboardFile = Main;
				INFOPLIST_KEY_UISupportedInterfaceOrientations = UIInterfaceOrientationPortrait;
				INFOPLIST_KEY_UISupportedInterfaceOrientations_iPad = "UIInterfaceOrientationPortrait UIInterfaceOrientationPortraitUpsideDown UIInterfaceOrientationLandscapeLeft UIInterfaceOrientationLandscapeRight";
				INFOPLIST_KEY_UISupportedInterfaceOrientations_iPhone = "UIInterfaceOrientationPortrait UIInterfaceOrientationLandscapeLeft UIInterfaceOrientationLandscapeRight";
				LD_RUNPATH_SEARCH_PATHS = (
					"$(inherited)",
					"@executable_path/Frameworks",
				);
				MARKETING_VERSION = 1.0;
				PRODUCT_BUNDLE_IDENTIFIER = com.zhukov.TransportMap;
				PRODUCT_NAME = "$(TARGET_NAME)";
				SWIFT_EMIT_LOC_STRINGS = YES;
				SWIFT_VERSION = 5.0;
				TARGETED_DEVICE_FAMILY = 1;
			};
			name = Debug;
		};
		FC38D38A27CA815200B10A9B /* Release */ = {
			isa = XCBuildConfiguration;
			baseConfigurationReference = ADD9BD91B7A22E63F3309645 /* Pods-TransportMap.release.xcconfig */;
			buildSettings = {
				ASSETCATALOG_COMPILER_APPICON_NAME = AppIcon;
				ASSETCATALOG_COMPILER_GLOBAL_ACCENT_COLOR_NAME = AccentColor;
				CODE_SIGN_STYLE = Automatic;
				CURRENT_PROJECT_VERSION = 1;
				DEVELOPMENT_TEAM = 4ARG8W2BQX;
				GENERATE_INFOPLIST_FILE = YES;
				INFOPLIST_FILE = TransportMap/SupportingFiles/Info.plist;
				INFOPLIST_KEY_UIApplicationSupportsIndirectInputEvents = YES;
				INFOPLIST_KEY_UILaunchStoryboardName = LaunchScreen;
				INFOPLIST_KEY_UIMainStoryboardFile = Main;
				INFOPLIST_KEY_UISupportedInterfaceOrientations = UIInterfaceOrientationPortrait;
				INFOPLIST_KEY_UISupportedInterfaceOrientations_iPad = "UIInterfaceOrientationPortrait UIInterfaceOrientationPortraitUpsideDown UIInterfaceOrientationLandscapeLeft UIInterfaceOrientationLandscapeRight";
				INFOPLIST_KEY_UISupportedInterfaceOrientations_iPhone = "UIInterfaceOrientationPortrait UIInterfaceOrientationLandscapeLeft UIInterfaceOrientationLandscapeRight";
				LD_RUNPATH_SEARCH_PATHS = (
					"$(inherited)",
					"@executable_path/Frameworks",
				);
				MARKETING_VERSION = 1.0;
				PRODUCT_BUNDLE_IDENTIFIER = com.zhukov.TransportMap;
				PRODUCT_NAME = "$(TARGET_NAME)";
				SWIFT_EMIT_LOC_STRINGS = YES;
				SWIFT_VERSION = 5.0;
				TARGETED_DEVICE_FAMILY = 1;
			};
			name = Release;
		};
/* End XCBuildConfiguration section */

/* Begin XCConfigurationList section */
		FC38D36F27CA815100B10A9B /* Build configuration list for PBXProject "TransportMap" */ = {
			isa = XCConfigurationList;
			buildConfigurations = (
				FC38D38627CA815200B10A9B /* Debug */,
				FC38D38727CA815200B10A9B /* Release */,
			);
			defaultConfigurationIsVisible = 0;
			defaultConfigurationName = Release;
		};
		FC38D38827CA815200B10A9B /* Build configuration list for PBXNativeTarget "TransportMap" */ = {
			isa = XCConfigurationList;
			buildConfigurations = (
				FC38D38927CA815200B10A9B /* Debug */,
				FC38D38A27CA815200B10A9B /* Release */,
			);
			defaultConfigurationIsVisible = 0;
			defaultConfigurationName = Release;
		};
/* End XCConfigurationList section */
	};
	rootObject = FC38D36C27CA815100B10A9B /* Project object */;
}
